{
  "name": "1-app-angular",
  "version": "1.0.0",
  "lockfileVersion": 1,
  "requires": true,
  "dependencies": {
    "@angular/core": {
      "version": "12.2.1",
      "resolved": "https://registry.npmjs.org/@angular/core/-/core-12.2.1.tgz",
      "integrity": "sha512-n3h2SIlTexQRhiU0YKk1qUobZBXtFisfNbV4kJLyjNsGyMt70NQLZVe5mUw7LV7aDAJEinuoCofqBl4FHCigEQ==",
      "requires": {
        "tslib": "^2.2.0"
      }
    },
    "@types/lodash": {
      "version": "4.14.51",
      "resolved": "https://registry.npmjs.org/@types/lodash/-/lodash-4.14.51.tgz",
      "integrity": "sha1-hFTOMtNngk5OMNkQpcGoTBTlYm8=",
      "dev": true
    },
    "lodash": {
      "version": "4.14.2",
      "resolved": "https://registry.npmjs.org/lodash/-/lodash-4.14.2.tgz",
      "integrity": "sha1-u8zOY3OkAPv9CoxnykL20e9BZDI="
    },
    "tslib": {
      "version": "2.3.1",
      "resolved": "https://registry.npmjs.org/tslib/-/tslib-2.3.1.tgz",
      "integrity": "sha512-77EbyPPpMz+FRFRuAFlWMtmgUWGe9UOG2Z25NqCwiIjRhOf5iKGuzSe5P2w1laq+FkRy4p+PCuVkJSGkzTEKVw=="
    }
  }
}
